
Microsoft Visual Studio Solution File, Format Version 12.00
# Visual Studio 14
VisualStudioVersion = 14.0.25420.1
MinimumVisualStudioVersion = 10.0.40219.1
Project("{FAE04EC0-301F-11D3-BF4B-00C04F79EFBC}") = "BOL", "BOL\BOL.csproj", "{F2F869E1-330A-4773-B472-5751713A37F7}"
EndProject
Project("{FAE04EC0-301F-11D3-BF4B-00C04F79EFBC}") = "BLL", "BLL\BLL.csproj", "{883BC249-2D53-437D-A3BE-3A825CE069F4}"
EndProject
Project("{FAE04EC0-301F-11D3-BF4B-00C04F79EFBC}") = "DAL", "DAL\DAL.csproj", "{C8CDBA31-7CC4-4BFE-842E-C5A6C49DFC4B}"
EndProject
Project("{2150E333-8FDC-42A3-9474-1A3956D46DE8}") = "Database", "Database", "{D723DE44-CE83-4DB0-8227-B84CEE65F79E}"
	ProjectSection(SolutionItems) = preProject
		Database\dkvodb.sql = Database\dkvodb.sql
	EndProjectSection
EndProject
Project("{2150E333-8FDC-42A3-9474-1A3956D46DE8}") = "Documents", "Documents", "{B0821DB6-2A14-4861-81C3-27D649707B9E}"
	ProjectSection(SolutionItems) = preProject
		Documents\ErrorNote.docx = Documents\ErrorNote.docx
		Documents\ProgrammingReference.docx = Documents\ProgrammingReference.docx
		Documents\SqlServerNamingConvention.docx = Documents\SqlServerNamingConvention.docx
	EndProjectSection
EndProject
Project("{FAE04EC0-301F-11D3-BF4B-00C04F79EFBC}") = "DkvoAngularJS", "DkvoAngularJS\DkvoAngularJS.csproj", "{CE837002-32B3-4875-ADF4-76FC36A828E6}"
EndProject
Project("{FAE04EC0-301F-11D3-BF4B-00C04F79EFBC}") = "Framework", "Framework\Framework.csproj", "{F10D4AB3-844F-4E89-8EF4-FAA8F2723E96}"
EndProject
Project("{FAE04EC0-301F-11D3-BF4B-00C04F79EFBC}") = "DkvoApi", "DkvoApi\DkvoApi.csproj", "{2F039757-51F2-4625-82F7-64F4E954D22D}"
EndProject
Project("{2150E333-8FDC-42A3-9474-1A3956D46DE8}") = "Solution Items", "Solution Items", "{06CEE445-6999-456E-8329-F71416A5D4C2}"
	ProjectSection(SolutionItems) = preProject
		ReadMe.txt = ReadMe.txt
	EndProjectSection
EndProject
Global
	GlobalSection(SolutionConfigurationPlatforms) = preSolution
		Debug|Any CPU = Debug|Any CPU
		Release|Any CPU = Release|Any CPU
	EndGlobalSection
	GlobalSection(ProjectConfigurationPlatforms) = postSolution
		{F2F869E1-330A-4773-B472-5751713A37F7}.Debug|Any CPU.ActiveCfg = Debug|Any CPU
		{F2F869E1-330A-4773-B472-5751713A37F7}.Debug|Any CPU.Build.0 = Debug|Any CPU
		{F2F869E1-330A-4773-B472-5751713A37F7}.Release|Any CPU.ActiveCfg = Release|Any CPU
		{F2F869E1-330A-4773-B472-5751713A37F7}.Release|Any CPU.Build.0 = Release|Any CPU
		{883BC249-2D53-437D-A3BE-3A825CE069F4}.Debug|Any CPU.ActiveCfg = Debug|Any CPU
		{883BC249-2D53-437D-A3BE-3A825CE069F4}.Debug|Any CPU.Build.0 = Debug|Any CPU
		{883BC249-2D53-437D-A3BE-3A825CE069F4}.Release|Any CPU.ActiveCfg = Release|Any CPU
		{883BC249-2D53-437D-A3BE-3A825CE069F4}.Release|Any CPU.Build.0 = Release|Any CPU
		{C8CDBA31-7CC4-4BFE-842E-C5A6C49DFC4B}.Debug|Any CPU.ActiveCfg = Debug|Any CPU
		{C8CDBA31-7CC4-4BFE-842E-C5A6C49DFC4B}.Debug|Any CPU.Build.0 = Debug|Any CPU
		{C8CDBA31-7CC4-4BFE-842E-C5A6C49DFC4B}.Release|Any CPU.ActiveCfg = Release|Any CPU
		{C8CDBA31-7CC4-4BFE-842E-C5A6C49DFC4B}.Release|Any CPU.Build.0 = Release|Any CPU
		{CE837002-32B3-4875-ADF4-76FC36A828E6}.Debug|Any CPU.ActiveCfg = Debug|Any CPU
		{CE837002-32B3-4875-ADF4-76FC36A828E6}.Debug|Any CPU.Build.0 = Debug|Any CPU
		{CE837002-32B3-4875-ADF4-76FC36A828E6}.Release|Any CPU.ActiveCfg = Release|Any CPU
		{CE837002-32B3-4875-ADF4-76FC36A828E6}.Release|Any CPU.Build.0 = Release|Any CPU
		{F10D4AB3-844F-4E89-8EF4-FAA8F2723E96}.Debug|Any CPU.ActiveCfg = Debug|Any CPU
		{F10D4AB3-844F-4E89-8EF4-FAA8F2723E96}.Debug|Any CPU.Build.0 = Debug|Any CPU
		{F10D4AB3-844F-4E89-8EF4-FAA8F2723E96}.Release|Any CPU.ActiveCfg = Release|Any CPU
		{F10D4AB3-844F-4E89-8EF4-FAA8F2723E96}.Release|Any CPU.Build.0 = Release|Any CPU
		{2F039757-51F2-4625-82F7-64F4E954D22D}.Debug|Any CPU.ActiveCfg = Debug|Any CPU
		{2F039757-51F2-4625-82F7-64F4E954D22D}.Debug|Any CPU.Build.0 = Debug|Any CPU
		{2F039757-51F2-4625-82F7-64F4E954D22D}.Release|Any CPU.ActiveCfg = Release|Any CPU
		{2F039757-51F2-4625-82F7-64F4E954D22D}.Release|Any CPU.Build.0 = Release|Any CPU
	EndGlobalSection
	GlobalSection(SolutionProperties) = preSolution
		HideSolutionNode = FALSE
	EndGlobalSection
EndGlobal
